[[package]]
name = "decorator"
version = "5.1.1"
description = "Decorators for Humans"
category = "main"
optional = false
python-versions = ">=3.5"

[[package]]
name = "validators"
version = "0.20.0"
description = "Python Data Validation for Humans™."
category = "main"
optional = false
python-versions = ">=3.4"

[package.dependencies]
decorator = ">=3.4.0"

[package.extras]
test = ["pytest (>=2.2.3)", "flake8 (>=2.4.0)", "isort (>=4.2.2)"]

[metadata]
lock-version = "1.1"
python-versions = "^3.8"
content-hash = "b4a58d430f2cdde7620e1c122cb34fdde8691523fda207d624da5e190ccb115e"

[metadata.files]
decorator = []
validators = []
